
Microsoft Visual Studio Solution File, Format Version 12.00
# Visual Studio Version 17
VisualStudioVersion = 17.8.34601.278
MinimumVisualStudioVersion = 10.0.40219.1
Project("{FAE04EC0-301F-11D3-BF4B-00C04F79EFBC}") = "PaintAndMouse", "PaintAndMouse.csproj", "{978A3559-FFED-4C6C-862F-0ED59914F5D1}"
EndProject
Global
	GlobalSection(SolutionConfigurationPlatforms) = preSolution
		Debug|Any CPU = Debug|Any CPU
		Release|Any CPU = Release|Any CPU
	EndGlobalSection
	GlobalSection(ProjectConfigurationPlatforms) = postSolution
		{978A3559-FFED-4C6C-862F-0ED59914F5D1}.Debug|Any CPU.ActiveCfg = Debug|Any CPU
		{978A3559-FFED-4C6C-862F-0ED59914F5D1}.Debug|Any CPU.Build.0 = Debug|Any CPU
		{978A3559-FFED-4C6C-862F-0ED59914F5D1}.Release|Any CPU.ActiveCfg = Release|Any CPU
		{978A3559-FFED-4C6C-862F-0ED59914F5D1}.Release|Any CPU.Build.0 = Release|Any CPU
	EndGlobalSection
	GlobalSection(SolutionProperties) = preSolution
		HideSolutionNode = FALSE
	EndGlobalSection
	GlobalSection(ExtensibilityGlobals) = postSolution
		SolutionGuid = {0095788B-9452-4AE4-9E49-D595E6BD509F}
	EndGlobalSection
EndGlobal
