
Microsoft Visual Studio Solution File, Format Version 12.00
# Visual Studio Version 17
VisualStudioVersion = 17.8.34601.278
MinimumVisualStudioVersion = 10.0.40219.1
Project("{FAE04EC0-301F-11D3-BF4B-00C04F79EFBC}") = "04_Switch", "04_Switch.csproj", "{19B6B4FC-FBED-4C5C-8627-39F17B716BD5}"
EndProject
Global
	GlobalSection(SolutionConfigurationPlatforms) = preSolution
		Debug|Any CPU = Debug|Any CPU
		Release|Any CPU = Release|Any CPU
	EndGlobalSection
	GlobalSection(ProjectConfigurationPlatforms) = postSolution
		{19B6B4FC-FBED-4C5C-8627-39F17B716BD5}.Debug|Any CPU.ActiveCfg = Debug|Any CPU
		{19B6B4FC-FBED-4C5C-8627-39F17B716BD5}.Debug|Any CPU.Build.0 = Debug|Any CPU
		{19B6B4FC-FBED-4C5C-8627-39F17B716BD5}.Release|Any CPU.ActiveCfg = Release|Any CPU
		{19B6B4FC-FBED-4C5C-8627-39F17B716BD5}.Release|Any CPU.Build.0 = Release|Any CPU
	EndGlobalSection
	GlobalSection(SolutionProperties) = preSolution
		HideSolutionNode = FALSE
	EndGlobalSection
	GlobalSection(ExtensibilityGlobals) = postSolution
		SolutionGuid = {6E5F274D-6F2A-4963-9DA7-CA63028DD897}
	EndGlobalSection
EndGlobal
