
Microsoft Visual Studio Solution File, Format Version 12.00
# Visual Studio Version 17
VisualStudioVersion = 17.8.34601.278
MinimumVisualStudioVersion = 10.0.40219.1
Project("{FAE04EC0-301F-11D3-BF4B-00C04F79EFBC}") = "07_Array", "07_Array.csproj", "{F37A9EB7-EA17-4836-A886-120F41407F30}"
EndProject
Global
	GlobalSection(SolutionConfigurationPlatforms) = preSolution
		Debug|Any CPU = Debug|Any CPU
		Release|Any CPU = Release|Any CPU
	EndGlobalSection
	GlobalSection(ProjectConfigurationPlatforms) = postSolution
		{F37A9EB7-EA17-4836-A886-120F41407F30}.Debug|Any CPU.ActiveCfg = Debug|Any CPU
		{F37A9EB7-EA17-4836-A886-120F41407F30}.Debug|Any CPU.Build.0 = Debug|Any CPU
		{F37A9EB7-EA17-4836-A886-120F41407F30}.Release|Any CPU.ActiveCfg = Release|Any CPU
		{F37A9EB7-EA17-4836-A886-120F41407F30}.Release|Any CPU.Build.0 = Release|Any CPU
	EndGlobalSection
	GlobalSection(SolutionProperties) = preSolution
		HideSolutionNode = FALSE
	EndGlobalSection
	GlobalSection(ExtensibilityGlobals) = postSolution
		SolutionGuid = {4AE80FEC-3BC2-4E33-975E-970CE3B35B99}
	EndGlobalSection
EndGlobal
